
Microsoft Visual Studio Solution File, Format Version 12.00
# Visual Studio Version 17
VisualStudioVersion = 17.6.33815.320
MinimumVisualStudioVersion = 10.0.40219.1
Project("{FAE04EC0-301F-11D3-BF4B-00C04F79EFBC}") = "SerilogDemo", "Serilog\SerilogDemo.csproj", "{5F88A958-3970-4810-94B8-2B721A9D27CE}"
EndProject
Global
	GlobalSection(SolutionConfigurationPlatforms) = preSolution
		Debug|Any CPU = Debug|Any CPU
		Release|Any CPU = Release|Any CPU
	EndGlobalSection
	GlobalSection(ProjectConfigurationPlatforms) = postSolution
		{5F88A958-3970-4810-94B8-2B721A9D27CE}.Debug|Any CPU.ActiveCfg = Debug|Any CPU
		{5F88A958-3970-4810-94B8-2B721A9D27CE}.Debug|Any CPU.Build.0 = Debug|Any CPU
		{5F88A958-3970-4810-94B8-2B721A9D27CE}.Release|Any CPU.ActiveCfg = Release|Any CPU
		{5F88A958-3970-4810-94B8-2B721A9D27CE}.Release|Any CPU.Build.0 = Release|Any CPU
	EndGlobalSection
	GlobalSection(SolutionProperties) = preSolution
		HideSolutionNode = FALSE
	EndGlobalSection
	GlobalSection(ExtensibilityGlobals) = postSolution
		SolutionGuid = {6484FFAF-F932-4FF9-95C5-C5BC90106AD6}
	EndGlobalSection
EndGlobal
